
Microsoft Visual Studio Solution File, Format Version 12.00
# Visual Studio Version 16
VisualStudioVersion = 16.0.808.0
MinimumVisualStudioVersion = 10.0.40219.1
Project("{FAE04EC0-301F-11D3-BF4B-00C04F79EFBC}") = "XF.Jint.Android", "XF.Jint.Android\XF.Jint.Android.csproj", "{F9A06522-115A-4567-9AD6-75DC0B4B732F}"
EndProject
Project("{FAE04EC0-301F-11D3-BF4B-00C04F79EFBC}") = "XF.Jint.iOS", "XF.Jint.iOS\XF.Jint.iOS.csproj", "{21A5C568-7B8C-4996-BF8C-972AC505C697}"
EndProject
Project("{FAE04EC0-301F-11D3-BF4B-00C04F79EFBC}") = "XF.Jint", "XF.Jint\XF.Jint.csproj", "{8EBFB00E-531E-4036-A471-9A07D2AB0042}"
EndProject
Global
	GlobalSection(SolutionConfigurationPlatforms) = preSolution
		Debug|Any CPU = Debug|Any CPU
		Release|Any CPU = Release|Any CPU
		Debug|iPhoneSimulator = Debug|iPhoneSimulator
		Release|iPhoneSimulator = Release|iPhoneSimulator
		Debug|iPhone = Debug|iPhone
		Release|iPhone = Release|iPhone
	EndGlobalSection
	GlobalSection(ProjectConfigurationPlatforms) = postSolution
		{F9A06522-115A-4567-9AD6-75DC0B4B732F}.Debug|Any CPU.ActiveCfg = Debug|Any CPU
		{F9A06522-115A-4567-9AD6-75DC0B4B732F}.Debug|Any CPU.Build.0 = Debug|Any CPU
		{F9A06522-115A-4567-9AD6-75DC0B4B732F}.Release|Any CPU.ActiveCfg = Release|Any CPU
		{F9A06522-115A-4567-9AD6-75DC0B4B732F}.Release|Any CPU.Build.0 = Release|Any CPU
		{F9A06522-115A-4567-9AD6-75DC0B4B732F}.Debug|iPhoneSimulator.ActiveCfg = Debug|Any CPU
		{F9A06522-115A-4567-9AD6-75DC0B4B732F}.Debug|iPhoneSimulator.Build.0 = Debug|Any CPU
		{F9A06522-115A-4567-9AD6-75DC0B4B732F}.Release|iPhoneSimulator.ActiveCfg = Release|Any CPU
		{F9A06522-115A-4567-9AD6-75DC0B4B732F}.Release|iPhoneSimulator.Build.0 = Release|Any CPU
		{F9A06522-115A-4567-9AD6-75DC0B4B732F}.Debug|iPhone.ActiveCfg = Debug|Any CPU
		{F9A06522-115A-4567-9AD6-75DC0B4B732F}.Debug|iPhone.Build.0 = Debug|Any CPU
		{F9A06522-115A-4567-9AD6-75DC0B4B732F}.Release|iPhone.ActiveCfg = Release|Any CPU
		{F9A06522-115A-4567-9AD6-75DC0B4B732F}.Release|iPhone.Build.0 = Release|Any CPU
		{21A5C568-7B8C-4996-BF8C-972AC505C697}.Debug|Any CPU.ActiveCfg = Debug|iPhoneSimulator
		{21A5C568-7B8C-4996-BF8C-972AC505C697}.Debug|Any CPU.Build.0 = Debug|iPhoneSimulator
		{21A5C568-7B8C-4996-BF8C-972AC505C697}.Release|Any CPU.ActiveCfg = Release|iPhoneSimulator
		{21A5C568-7B8C-4996-BF8C-972AC505C697}.Release|Any CPU.Build.0 = Release|iPhoneSimulator
		{21A5C568-7B8C-4996-BF8C-972AC505C697}.Debug|iPhoneSimulator.ActiveCfg = Debug|iPhoneSimulator
		{21A5C568-7B8C-4996-BF8C-972AC505C697}.Debug|iPhoneSimulator.Build.0 = Debug|iPhoneSimulator
		{21A5C568-7B8C-4996-BF8C-972AC505C697}.Release|iPhoneSimulator.ActiveCfg = Release|iPhoneSimulator
		{21A5C568-7B8C-4996-BF8C-972AC505C697}.Release|iPhoneSimulator.Build.0 = Release|iPhoneSimulator
		{21A5C568-7B8C-4996-BF8C-972AC505C697}.Debug|iPhone.ActiveCfg = Debug|iPhone
		{21A5C568-7B8C-4996-BF8C-972AC505C697}.Debug|iPhone.Build.0 = Debug|iPhone
		{21A5C568-7B8C-4996-BF8C-972AC505C697}.Release|iPhone.ActiveCfg = Release|iPhone
		{21A5C568-7B8C-4996-BF8C-972AC505C697}.Release|iPhone.Build.0 = Release|iPhone
		{8EBFB00E-531E-4036-A471-9A07D2AB0042}.Debug|Any CPU.ActiveCfg = Debug|Any CPU
		{8EBFB00E-531E-4036-A471-9A07D2AB0042}.Debug|Any CPU.Build.0 = Debug|Any CPU
		{8EBFB00E-531E-4036-A471-9A07D2AB0042}.Release|Any CPU.ActiveCfg = Release|Any CPU
		{8EBFB00E-531E-4036-A471-9A07D2AB0042}.Release|Any CPU.Build.0 = Release|Any CPU
		{8EBFB00E-531E-4036-A471-9A07D2AB0042}.Debug|iPhoneSimulator.ActiveCfg = Debug|Any CPU
		{8EBFB00E-531E-4036-A471-9A07D2AB0042}.Debug|iPhoneSimulator.Build.0 = Debug|Any CPU
		{8EBFB00E-531E-4036-A471-9A07D2AB0042}.Release|iPhoneSimulator.ActiveCfg = Release|Any CPU
		{8EBFB00E-531E-4036-A471-9A07D2AB0042}.Release|iPhoneSimulator.Build.0 = Release|Any CPU
		{8EBFB00E-531E-4036-A471-9A07D2AB0042}.Debug|iPhone.ActiveCfg = Debug|Any CPU
		{8EBFB00E-531E-4036-A471-9A07D2AB0042}.Debug|iPhone.Build.0 = Debug|Any CPU
		{8EBFB00E-531E-4036-A471-9A07D2AB0042}.Release|iPhone.ActiveCfg = Release|Any CPU
		{8EBFB00E-531E-4036-A471-9A07D2AB0042}.Release|iPhone.Build.0 = Release|Any CPU
	EndGlobalSection
	GlobalSection(SolutionProperties) = preSolution
		HideSolutionNode = FALSE
	EndGlobalSection
	GlobalSection(ExtensibilityGlobals) = postSolution
		SolutionGuid = {E398F6BF-F7F1-46D7-9B8A-4808A0EB5D76}
	EndGlobalSection
EndGlobal
